<Solution>
  <Configurations>
    <BuildType Name="Clang Debug" />
    <BuildType Name="Clang Release" />
    <BuildType Name="Debug" />
    <BuildType Name="Release" />
    <Platform Name="x64" />
  </Configurations>
  <Project Path="u.vcxproj" Id="934d9eff-5f76-4159-8712-9168ecbbe2a3">
    <Platform Solution="Clang Release|*" Project="Win32" />
  </Project>
</Solution>
